// !$*UTF8*$!
{
	archiveVersion = 1;
	classes = {
	};
	objectVersion = 55;
	objects = {

/* Begin PBXBuildFile section */
		913AE73B28C75AD800A55FDC /* FlixApp.swift in Sources */ = {isa = PBXBuildFile; fileRef = 913AE73A28C75AD800A55FDC /* FlixApp.swift */; };
		913AE73D28C75AD800A55FDC /* ContentView.swift in Sources */ = {isa = PBXBuildFile; fileRef = 913AE73C28C75AD800A55FDC /* ContentView.swift */; };
		913AE73F28C75AD900A55FDC /* Assets.xcassets in Resources */ = {isa = PBXBuildFile; fileRef = 913AE73E28C75AD900A55FDC /* Assets.xcassets */; };
		913AE74228C75AD900A55FDC /* Preview Assets.xcassets in Resources */ = {isa = PBXBuildFile; fileRef = 913AE74128C75AD900A55FDC /* Preview Assets.xcassets */; };
		913AE74C28C75AD900A55FDC /* FlixTests.swift in Sources */ = {isa = PBXBuildFile; fileRef = 913AE74B28C75AD900A55FDC /* FlixTests.swift */; };
		913AE75628C75AD900A55FDC /* FlixUITests.swift in Sources */ = {isa = PBXBuildFile; fileRef = 913AE75528C75AD900A55FDC /* FlixUITests.swift */; };
		913AE75828C75AD900A55FDC /* FlixUITestsLaunchTests.swift in Sources */ = {isa = PBXBuildFile; fileRef = 913AE75728C75AD900A55FDC /* FlixUITestsLaunchTests.swift */; };
		913AE76728C7621200A55FDC /* SwiftyBeaver in Frameworks */ = {isa = PBXBuildFile; productRef = 913AE76628C7621200A55FDC /* SwiftyBeaver */; };
		914900D628C89EA20082B094 /* TheMovieDbService.swift in Sources */ = {isa = PBXBuildFile; fileRef = 914900D528C89EA20082B094 /* TheMovieDbService.swift */; };
		914900D928C8F1570082B094 /* TheMovieDbServiceTests.swift in Sources */ = {isa = PBXBuildFile; fileRef = 914900D828C8F1570082B094 /* TheMovieDbServiceTests.swift */; };
		914900DC28C9E5770082B094 /* MovieListView.swift in Sources */ = {isa = PBXBuildFile; fileRef = 914900DB28C9E5770082B094 /* MovieListView.swift */; };
		914900DE28C9E5890082B094 /* MovieListViewModel.swift in Sources */ = {isa = PBXBuildFile; fileRef = 914900DD28C9E5890082B094 /* MovieListViewModel.swift */; };
		914900E028C9EB010082B094 /* Movie.swift in Sources */ = {isa = PBXBuildFile; fileRef = 914900DF28C9EB010082B094 /* Movie.swift */; };
		914900E228CB835B0082B094 /* ViewModelFactory.swift in Sources */ = {isa = PBXBuildFile; fileRef = 914900E128CB835B0082B094 /* ViewModelFactory.swift */; };
		914900E428CB84C90082B094 /* MovieRepository.swift in Sources */ = {isa = PBXBuildFile; fileRef = 914900E328CB84C90082B094 /* MovieRepository.swift */; };
		914900E828CB88560082B094 /* PaginatedList.swift in Sources */ = {isa = PBXBuildFile; fileRef = 914900E728CB88560082B094 /* PaginatedList.swift */; };
		914900EC28CC7A750082B094 /* Service.swift in Sources */ = {isa = PBXBuildFile; fileRef = 914900EB28CC7A750082B094 /* Service.swift */; };
		914900F128CC80D60082B094 /* Endpoint.swift in Sources */ = {isa = PBXBuildFile; fileRef = 914900F028CC80D60082B094 /* Endpoint.swift */; };
		914900F328CC811B0082B094 /* TheMovieDbEndpoints.swift in Sources */ = {isa = PBXBuildFile; fileRef = 914900F228CC811B0082B094 /* TheMovieDbEndpoints.swift */; };
		914900F628CC85E10082B094 /* URL+Pagination.swift in Sources */ = {isa = PBXBuildFile; fileRef = 914900F528CC85E10082B094 /* URL+Pagination.swift */; };
/* End PBXBuildFile section */

/* Begin PBXContainerItemProxy section */
		913AE74828C75AD900A55FDC /* PBXContainerItemProxy */ = {
			isa = PBXContainerItemProxy;
			containerPortal = 913AE72F28C75AD800A55FDC /* Project object */;
			proxyType = 1;
			remoteGlobalIDString = 913AE73628C75AD800A55FDC;
			remoteInfo = flix;
		};
		913AE75228C75AD900A55FDC /* PBXContainerItemProxy */ = {
			isa = PBXContainerItemProxy;
			containerPortal = 913AE72F28C75AD800A55FDC /* Project object */;
			proxyType = 1;
			remoteGlobalIDString = 913AE73628C75AD800A55FDC;
			remoteInfo = flix;
		};
/* End PBXContainerItemProxy section */

/* Begin PBXFileReference section */
		913AE73728C75AD800A55FDC /* Flix.app */ = {isa = PBXFileReference; explicitFileType = wrapper.application; includeInIndex = 0; path = Flix.app; sourceTree = BUILT_PRODUCTS_DIR; };
		913AE73A28C75AD800A55FDC /* FlixApp.swift */ = {isa = PBXFileReference; lastKnownFileType = sourcecode.swift; path = FlixApp.swift; sourceTree = "<group>"; };
		913AE73C28C75AD800A55FDC /* ContentView.swift */ = {isa = PBXFileReference; lastKnownFileType = sourcecode.swift; path = ContentView.swift; sourceTree = "<group>"; };
		913AE73E28C75AD900A55FDC /* Assets.xcassets */ = {isa = PBXFileReference; lastKnownFileType = folder.assetcatalog; path = Assets.xcassets; sourceTree = "<group>"; };
		913AE74128C75AD900A55FDC /* Preview Assets.xcassets */ = {isa = PBXFileReference; lastKnownFileType = folder.assetcatalog; path = "Preview Assets.xcassets"; sourceTree = "<group>"; };
		913AE74728C75AD900A55FDC /* FlixTests.xctest */ = {isa = PBXFileReference; explicitFileType = wrapper.cfbundle; includeInIndex = 0; path = FlixTests.xctest; sourceTree = BUILT_PRODUCTS_DIR; };
		913AE74B28C75AD900A55FDC /* FlixTests.swift */ = {isa = PBXFileReference; lastKnownFileType = sourcecode.swift; path = FlixTests.swift; sourceTree = "<group>"; };
		913AE75128C75AD900A55FDC /* FlixUITests.xctest */ = {isa = PBXFileReference; explicitFileType = wrapper.cfbundle; includeInIndex = 0; path = FlixUITests.xctest; sourceTree = BUILT_PRODUCTS_DIR; };
		913AE75528C75AD900A55FDC /* FlixUITests.swift */ = {isa = PBXFileReference; lastKnownFileType = sourcecode.swift; path = FlixUITests.swift; sourceTree = "<group>"; };
		913AE75728C75AD900A55FDC /* FlixUITestsLaunchTests.swift */ = {isa = PBXFileReference; lastKnownFileType = sourcecode.swift; path = FlixUITestsLaunchTests.swift; sourceTree = "<group>"; };
		914900D528C89EA20082B094 /* TheMovieDbService.swift */ = {isa = PBXFileReference; lastKnownFileType = sourcecode.swift; path = TheMovieDbService.swift; sourceTree = "<group>"; };
		914900D828C8F1570082B094 /* TheMovieDbServiceTests.swift */ = {isa = PBXFileReference; lastKnownFileType = sourcecode.swift; path = TheMovieDbServiceTests.swift; sourceTree = "<group>"; };
		914900DB28C9E5770082B094 /* MovieListView.swift */ = {isa = PBXFileReference; lastKnownFileType = sourcecode.swift; path = MovieListView.swift; sourceTree = "<group>"; };
		914900DD28C9E5890082B094 /* MovieListViewModel.swift */ = {isa = PBXFileReference; lastKnownFileType = sourcecode.swift; path = MovieListViewModel.swift; sourceTree = "<group>"; };
		914900DF28C9EB010082B094 /* Movie.swift */ = {isa = PBXFileReference; lastKnownFileType = sourcecode.swift; path = Movie.swift; sourceTree = "<group>"; };
		914900E128CB835B0082B094 /* ViewModelFactory.swift */ = {isa = PBXFileReference; lastKnownFileType = sourcecode.swift; path = ViewModelFactory.swift; sourceTree = "<group>"; };
		914900E328CB84C90082B094 /* MovieRepository.swift */ = {isa = PBXFileReference; lastKnownFileType = sourcecode.swift; path = MovieRepository.swift; sourceTree = "<group>"; };
		914900E728CB88560082B094 /* PaginatedList.swift */ = {isa = PBXFileReference; lastKnownFileType = sourcecode.swift; path = PaginatedList.swift; sourceTree = "<group>"; };
		914900EB28CC7A750082B094 /* Service.swift */ = {isa = PBXFileReference; lastKnownFileType = sourcecode.swift; path = Service.swift; sourceTree = "<group>"; };
		914900F028CC80D60082B094 /* Endpoint.swift */ = {isa = PBXFileReference; lastKnownFileType = sourcecode.swift; path = Endpoint.swift; sourceTree = "<group>"; };
		914900F228CC811B0082B094 /* TheMovieDbEndpoints.swift */ = {isa = PBXFileReference; lastKnownFileType = sourcecode.swift; path = TheMovieDbEndpoints.swift; sourceTree = "<group>"; };
		914900F528CC85E10082B094 /* URL+Pagination.swift */ = {isa = PBXFileReference; lastKnownFileType = sourcecode.swift; path = "URL+Pagination.swift"; sourceTree = "<group>"; };
/* End PBXFileReference section */

/* Begin PBXFrameworksBuildPhase section */
		913AE73428C75AD800A55FDC /* Frameworks */ = {
			isa = PBXFrameworksBuildPhase;
			buildActionMask = 2147483647;
			files = (
				913AE76728C7621200A55FDC /* SwiftyBeaver in Frameworks */,
			);
			runOnlyForDeploymentPostprocessing = 0;
		};
		913AE74428C75AD900A55FDC /* Frameworks */ = {
			isa = PBXFrameworksBuildPhase;
			buildActionMask = 2147483647;
			files = (
			);
			runOnlyForDeploymentPostprocessing = 0;
		};
		913AE74E28C75AD900A55FDC /* Frameworks */ = {
			isa = PBXFrameworksBuildPhase;
			buildActionMask = 2147483647;
			files = (
			);
			runOnlyForDeploymentPostprocessing = 0;
		};
/* End PBXFrameworksBuildPhase section */

/* Begin PBXGroup section */
		913AE72E28C75AD800A55FDC = {
			isa = PBXGroup;
			children = (
				913AE73928C75AD800A55FDC /* Flix */,
				913AE74A28C75AD900A55FDC /* FlixTests */,
				913AE75428C75AD900A55FDC /* FlixUITests */,
				913AE73828C75AD800A55FDC /* Products */,
			);
			sourceTree = "<group>";
		};
		913AE73828C75AD800A55FDC /* Products */ = {
			isa = PBXGroup;
			children = (
				913AE73728C75AD800A55FDC /* Flix.app */,
				913AE74728C75AD900A55FDC /* FlixTests.xctest */,
				913AE75128C75AD900A55FDC /* FlixUITests.xctest */,
			);
			name = Products;
			sourceTree = "<group>";
		};
		913AE73928C75AD800A55FDC /* Flix */ = {
			isa = PBXGroup;
			children = (
				913AE73A28C75AD800A55FDC /* FlixApp.swift */,
				914900CF28C895E60082B094 /* Source */,
				914900D028C895ED0082B094 /* Resource */,
				913AE74028C75AD900A55FDC /* Preview Content */,
			);
			path = Flix;
			sourceTree = "<group>";
		};
		913AE74028C75AD900A55FDC /* Preview Content */ = {
			isa = PBXGroup;
			children = (
				913AE74128C75AD900A55FDC /* Preview Assets.xcassets */,
			);
			path = "Preview Content";
			sourceTree = "<group>";
		};
		913AE74A28C75AD900A55FDC /* FlixTests */ = {
			isa = PBXGroup;
			children = (
				914900D728C8F1360082B094 /* Services */,
				913AE74B28C75AD900A55FDC /* FlixTests.swift */,
			);
			path = FlixTests;
			sourceTree = "<group>";
		};
		913AE75428C75AD900A55FDC /* FlixUITests */ = {
			isa = PBXGroup;
			children = (
				913AE75528C75AD900A55FDC /* FlixUITests.swift */,
				913AE75728C75AD900A55FDC /* FlixUITestsLaunchTests.swift */,
			);
			path = FlixUITests;
			sourceTree = "<group>";
		};
		914900CF28C895E60082B094 /* Source */ = {
			isa = PBXGroup;
			children = (
				914900F428CC85C10082B094 /* Extensions */,
				914900D128C896010082B094 /* Services */,
				914900DA28C9E5270082B094 /* Movies */,
				913AE73C28C75AD800A55FDC /* ContentView.swift */,
				914900E128CB835B0082B094 /* ViewModelFactory.swift */,
			);
			path = Source;
			sourceTree = "<group>";
		};
		914900D028C895ED0082B094 /* Resource */ = {
			isa = PBXGroup;
			children = (
				913AE73E28C75AD900A55FDC /* Assets.xcassets */,
			);
			path = Resource;
			sourceTree = "<group>";
		};
		914900D128C896010082B094 /* Services */ = {
			isa = PBXGroup;
			children = (
				914900EB28CC7A750082B094 /* Service.swift */,
				914900F028CC80D60082B094 /* Endpoint.swift */,
				914900E528CB87DC0082B094 /* Models */,
				914900E628CB87E90082B094 /* Repositories */,
				914900D428C89E350082B094 /* The Movie Database */,
			);
			path = Services;
			sourceTree = "<group>";
		};
		914900D428C89E350082B094 /* The Movie Database */ = {
			isa = PBXGroup;
			children = (
				914900D528C89EA20082B094 /* TheMovieDbService.swift */,
				914900F228CC811B0082B094 /* TheMovieDbEndpoints.swift */,
			);
			path = "The Movie Database";
			sourceTree = "<group>";
		};
		914900D728C8F1360082B094 /* Services */ = {
			isa = PBXGroup;
			children = (
				914900D828C8F1570082B094 /* TheMovieDbServiceTests.swift */,
			);
			path = Services;
			sourceTree = "<group>";
		};
		914900DA28C9E5270082B094 /* Movies */ = {
			isa = PBXGroup;
			children = (
				914900DB28C9E5770082B094 /* MovieListView.swift */,
				914900DD28C9E5890082B094 /* MovieListViewModel.swift */,
			);
			path = Movies;
			sourceTree = "<group>";
		};
		914900E528CB87DC0082B094 /* Models */ = {
			isa = PBXGroup;
			children = (
				914900DF28C9EB010082B094 /* Movie.swift */,
				914900E728CB88560082B094 /* PaginatedList.swift */,
			);
			path = Models;
			sourceTree = "<group>";
		};
		914900E628CB87E90082B094 /* Repositories */ = {
			isa = PBXGroup;
			children = (
				914900E328CB84C90082B094 /* MovieRepository.swift */,
			);
			path = Repositories;
			sourceTree = "<group>";
		};
		914900F428CC85C10082B094 /* Extensions */ = {
			isa = PBXGroup;
			children = (
				914900F528CC85E10082B094 /* URL+Pagination.swift */,
			);
			path = Extensions;
			sourceTree = "<group>";
		};
/* End PBXGroup section */

/* Begin PBXNativeTarget section */
		913AE73628C75AD800A55FDC /* Flix */ = {
			isa = PBXNativeTarget;
			buildConfigurationList = 913AE75B28C75AD900A55FDC /* Build configuration list for PBXNativeTarget "Flix" */;
			buildPhases = (
				913AE73328C75AD800A55FDC /* Sources */,
				913AE73428C75AD800A55FDC /* Frameworks */,
				913AE73528C75AD800A55FDC /* Resources */,
				913AE76428C75BB300A55FDC /* Swift Lint */,
			);
			buildRules = (
			);
			dependencies = (
			);
			name = Flix;
			packageProductDependencies = (
				913AE76628C7621200A55FDC /* SwiftyBeaver */,
			);
			productName = flix;
			productReference = 913AE73728C75AD800A55FDC /* Flix.app */;
			productType = "com.apple.product-type.application";
		};
		913AE74628C75AD900A55FDC /* FlixTests */ = {
			isa = PBXNativeTarget;
			buildConfigurationList = 913AE75E28C75AD900A55FDC /* Build configuration list for PBXNativeTarget "FlixTests" */;
			buildPhases = (
				913AE74328C75AD900A55FDC /* Sources */,
				913AE74428C75AD900A55FDC /* Frameworks */,
				913AE74528C75AD900A55FDC /* Resources */,
			);
			buildRules = (
			);
			dependencies = (
				913AE74928C75AD900A55FDC /* PBXTargetDependency */,
			);
			name = FlixTests;
			productName = flixTests;
			productReference = 913AE74728C75AD900A55FDC /* FlixTests.xctest */;
			productType = "com.apple.product-type.bundle.unit-test";
		};
		913AE75028C75AD900A55FDC /* FlixUITests */ = {
			isa = PBXNativeTarget;
			buildConfigurationList = 913AE76128C75AD900A55FDC /* Build configuration list for PBXNativeTarget "FlixUITests" */;
			buildPhases = (
				913AE74D28C75AD900A55FDC /* Sources */,
				913AE74E28C75AD900A55FDC /* Frameworks */,
				913AE74F28C75AD900A55FDC /* Resources */,
			);
			buildRules = (
			);
			dependencies = (
				913AE75328C75AD900A55FDC /* PBXTargetDependency */,
			);
			name = FlixUITests;
			productName = flixUITests;
			productReference = 913AE75128C75AD900A55FDC /* FlixUITests.xctest */;
			productType = "com.apple.product-type.bundle.ui-testing";
		};
/* End PBXNativeTarget section */

/* Begin PBXProject section */
		913AE72F28C75AD800A55FDC /* Project object */ = {
			isa = PBXProject;
			attributes = {
				BuildIndependentTargetsInParallel = 1;
				LastSwiftUpdateCheck = 1340;
				LastUpgradeCheck = 1340;
				TargetAttributes = {
					913AE73628C75AD800A55FDC = {
						CreatedOnToolsVersion = 13.4.1;
					};
					913AE74628C75AD900A55FDC = {
						CreatedOnToolsVersion = 13.4.1;
						TestTargetID = 913AE73628C75AD800A55FDC;
					};
					913AE75028C75AD900A55FDC = {
						CreatedOnToolsVersion = 13.4.1;
						TestTargetID = 913AE73628C75AD800A55FDC;
					};
				};
			};
			buildConfigurationList = 913AE73228C75AD800A55FDC /* Build configuration list for PBXProject "Flix" */;
			compatibilityVersion = "Xcode 13.0";
			developmentRegion = en;
			hasScannedForEncodings = 0;
			knownRegions = (
				en,
				Base,
			);
			mainGroup = 913AE72E28C75AD800A55FDC;
			packageReferences = (
				913AE76528C7621200A55FDC /* XCRemoteSwiftPackageReference "SwiftyBeaver" */,
			);
			productRefGroup = 913AE73828C75AD800A55FDC /* Products */;
			projectDirPath = "";
			projectRoot = "";
			targets = (
				913AE73628C75AD800A55FDC /* Flix */,
				913AE74628C75AD900A55FDC /* FlixTests */,
				913AE75028C75AD900A55FDC /* FlixUITests */,
			);
		};
/* End PBXProject section */

/* Begin PBXResourcesBuildPhase section */
		913AE73528C75AD800A55FDC /* Resources */ = {
			isa = PBXResourcesBuildPhase;
			buildActionMask = 2147483647;
			files = (
				913AE74228C75AD900A55FDC /* Preview Assets.xcassets in Resources */,
				913AE73F28C75AD900A55FDC /* Assets.xcassets in Resources */,
			);
			runOnlyForDeploymentPostprocessing = 0;
		};
		913AE74528C75AD900A55FDC /* Resources */ = {
			isa = PBXResourcesBuildPhase;
			buildActionMask = 2147483647;
			files = (
			);
			runOnlyForDeploymentPostprocessing = 0;
		};
		913AE74F28C75AD900A55FDC /* Resources */ = {
			isa = PBXResourcesBuildPhase;
			buildActionMask = 2147483647;
			files = (
			);
			runOnlyForDeploymentPostprocessing = 0;
		};
/* End PBXResourcesBuildPhase section */

/* Begin PBXShellScriptBuildPhase section */
		913AE76428C75BB300A55FDC /* Swift Lint */ = {
			isa = PBXShellScriptBuildPhase;
			buildActionMask = 2147483647;
			files = (
			);
			inputFileListPaths = (
			);
			inputPaths = (
			);
			name = "Swift Lint";
			outputFileListPaths = (
			);
			outputPaths = (
			);
			runOnlyForDeploymentPostprocessing = 0;
			shellPath = /bin/sh;
			shellScript = "export PATH=\"$PATH:/opt/homebrew/bin\"\nif which swiftlint >/dev/null; then\n  swiftlint\nelse\n  echo \"warning: SwiftLint not installed, download from https://github.com/realm/SwiftLint\"\nfi\n";
		};
/* End PBXShellScriptBuildPhase section */

/* Begin PBXSourcesBuildPhase section */
		913AE73328C75AD800A55FDC /* Sources */ = {
			isa = PBXSourcesBuildPhase;
			buildActionMask = 2147483647;
			files = (
				914900E828CB88560082B094 /* PaginatedList.swift in Sources */,
				914900E428CB84C90082B094 /* MovieRepository.swift in Sources */,
				913AE73D28C75AD800A55FDC /* ContentView.swift in Sources */,
				914900F328CC811B0082B094 /* TheMovieDbEndpoints.swift in Sources */,
				914900DC28C9E5770082B094 /* MovieListView.swift in Sources */,
				914900E028C9EB010082B094 /* Movie.swift in Sources */,
				913AE73B28C75AD800A55FDC /* FlixApp.swift in Sources */,
				914900D628C89EA20082B094 /* TheMovieDbService.swift in Sources */,
				914900EC28CC7A750082B094 /* Service.swift in Sources */,
				914900DE28C9E5890082B094 /* MovieListViewModel.swift in Sources */,
				914900F128CC80D60082B094 /* Endpoint.swift in Sources */,
				914900E228CB835B0082B094 /* ViewModelFactory.swift in Sources */,
				914900F628CC85E10082B094 /* URL+Pagination.swift in Sources */,
			);
			runOnlyForDeploymentPostprocessing = 0;
		};
		913AE74328C75AD900A55FDC /* Sources */ = {
			isa = PBXSourcesBuildPhase;
			buildActionMask = 2147483647;
			files = (
				913AE74C28C75AD900A55FDC /* FlixTests.swift in Sources */,
				914900D928C8F1570082B094 /* TheMovieDbServiceTests.swift in Sources */,
			);
			runOnlyForDeploymentPostprocessing = 0;
		};
		913AE74D28C75AD900A55FDC /* Sources */ = {
			isa = PBXSourcesBuildPhase;
			buildActionMask = 2147483647;
			files = (
				913AE75628C75AD900A55FDC /* FlixUITests.swift in Sources */,
				913AE75828C75AD900A55FDC /* FlixUITestsLaunchTests.swift in Sources */,
			);
			runOnlyForDeploymentPostprocessing = 0;
		};
/* End PBXSourcesBuildPhase section */

/* Begin PBXTargetDependency section */
		913AE74928C75AD900A55FDC /* PBXTargetDependency */ = {
			isa = PBXTargetDependency;
			target = 913AE73628C75AD800A55FDC /* Flix */;
			targetProxy = 913AE74828C75AD900A55FDC /* PBXContainerItemProxy */;
		};
		913AE75328C75AD900A55FDC /* PBXTargetDependency */ = {
			isa = PBXTargetDependency;
			target = 913AE73628C75AD800A55FDC /* Flix */;
			targetProxy = 913AE75228C75AD900A55FDC /* PBXContainerItemProxy */;
		};
/* End PBXTargetDependency section */

/* Begin XCBuildConfiguration section */
		913AE75928C75AD900A55FDC /* Debug */ = {
			isa = XCBuildConfiguration;
			buildSettings = {
				ALWAYS_SEARCH_USER_PATHS = NO;
				CLANG_ANALYZER_NONNULL = YES;
				CLANG_ANALYZER_NUMBER_OBJECT_CONVERSION = YES_AGGRESSIVE;
				CLANG_CXX_LANGUAGE_STANDARD = "gnu++17";
				CLANG_ENABLE_MODULES = YES;
				CLANG_ENABLE_OBJC_ARC = YES;
				CLANG_ENABLE_OBJC_WEAK = YES;
				CLANG_WARN_BLOCK_CAPTURE_AUTORELEASING = YES;
				CLANG_WARN_BOOL_CONVERSION = YES;
				CLANG_WARN_COMMA = YES;
				CLANG_WARN_CONSTANT_CONVERSION = YES;
				CLANG_WARN_DEPRECATED_OBJC_IMPLEMENTATIONS = YES;
				CLANG_WARN_DIRECT_OBJC_ISA_USAGE = YES_ERROR;
				CLANG_WARN_DOCUMENTATION_COMMENTS = YES;
				CLANG_WARN_EMPTY_BODY = YES;
				CLANG_WARN_ENUM_CONVERSION = YES;
				CLANG_WARN_INFINITE_RECURSION = YES;
				CLANG_WARN_INT_CONVERSION = YES;
				CLANG_WARN_NON_LITERAL_NULL_CONVERSION = YES;
				CLANG_WARN_OBJC_IMPLICIT_RETAIN_SELF = YES;
				CLANG_WARN_OBJC_LITERAL_CONVERSION = YES;
				CLANG_WARN_OBJC_ROOT_CLASS = YES_ERROR;
				CLANG_WARN_QUOTED_INCLUDE_IN_FRAMEWORK_HEADER = YES;
				CLANG_WARN_RANGE_LOOP_ANALYSIS = YES;
				CLANG_WARN_STRICT_PROTOTYPES = YES;
				CLANG_WARN_SUSPICIOUS_MOVE = YES;
				CLANG_WARN_UNGUARDED_AVAILABILITY = YES_AGGRESSIVE;
				CLANG_WARN_UNREACHABLE_CODE = YES;
				CLANG_WARN__DUPLICATE_METHOD_MATCH = YES;
				COPY_PHASE_STRIP = NO;
				DEBUG_INFORMATION_FORMAT = dwarf;
				ENABLE_STRICT_OBJC_MSGSEND = YES;
				ENABLE_TESTABILITY = YES;
				GCC_C_LANGUAGE_STANDARD = gnu11;
				GCC_DYNAMIC_NO_PIC = NO;
				GCC_NO_COMMON_BLOCKS = YES;
				GCC_OPTIMIZATION_LEVEL = 0;
				GCC_PREPROCESSOR_DEFINITIONS = (
					"DEBUG=1",
					"$(inherited)",
				);
				GCC_WARN_64_TO_32_BIT_CONVERSION = YES;
				GCC_WARN_ABOUT_RETURN_TYPE = YES_ERROR;
				GCC_WARN_UNDECLARED_SELECTOR = YES;
				GCC_WARN_UNINITIALIZED_AUTOS = YES_AGGRESSIVE;
				GCC_WARN_UNUSED_FUNCTION = YES;
				GCC_WARN_UNUSED_VARIABLE = YES;
				IPHONEOS_DEPLOYMENT_TARGET = 15.5;
				MTL_ENABLE_DEBUG_INFO = INCLUDE_SOURCE;
				MTL_FAST_MATH = YES;
				ONLY_ACTIVE_ARCH = YES;
				SDKROOT = iphoneos;
				SWIFT_ACTIVE_COMPILATION_CONDITIONS = DEBUG;
				SWIFT_OPTIMIZATION_LEVEL = "-Onone";
			};
			name = Debug;
		};
		913AE75A28C75AD900A55FDC /* Release */ = {
			isa = XCBuildConfiguration;
			buildSettings = {
				ALWAYS_SEARCH_USER_PATHS = NO;
				CLANG_ANALYZER_NONNULL = YES;
				CLANG_ANALYZER_NUMBER_OBJECT_CONVERSION = YES_AGGRESSIVE;
				CLANG_CXX_LANGUAGE_STANDARD = "gnu++17";
				CLANG_ENABLE_MODULES = YES;
				CLANG_ENABLE_OBJC_ARC = YES;
				CLANG_ENABLE_OBJC_WEAK = YES;
				CLANG_WARN_BLOCK_CAPTURE_AUTORELEASING = YES;
				CLANG_WARN_BOOL_CONVERSION = YES;
				CLANG_WARN_COMMA = YES;
				CLANG_WARN_CONSTANT_CONVERSION = YES;
				CLANG_WARN_DEPRECATED_OBJC_IMPLEMENTATIONS = YES;
				CLANG_WARN_DIRECT_OBJC_ISA_USAGE = YES_ERROR;
				CLANG_WARN_DOCUMENTATION_COMMENTS = YES;
				CLANG_WARN_EMPTY_BODY = YES;
				CLANG_WARN_ENUM_CONVERSION = YES;
				CLANG_WARN_INFINITE_RECURSION = YES;
				CLANG_WARN_INT_CONVERSION = YES;
				CLANG_WARN_NON_LITERAL_NULL_CONVERSION = YES;
				CLANG_WARN_OBJC_IMPLICIT_RETAIN_SELF = YES;
				CLANG_WARN_OBJC_LITERAL_CONVERSION = YES;
				CLANG_WARN_OBJC_ROOT_CLASS = YES_ERROR;
				CLANG_WARN_QUOTED_INCLUDE_IN_FRAMEWORK_HEADER = YES;
				CLANG_WARN_RANGE_LOOP_ANALYSIS = YES;
				CLANG_WARN_STRICT_PROTOTYPES = YES;
				CLANG_WARN_SUSPICIOUS_MOVE = YES;
				CLANG_WARN_UNGUARDED_AVAILABILITY = YES_AGGRESSIVE;
				CLANG_WARN_UNREACHABLE_CODE = YES;
				CLANG_WARN__DUPLICATE_METHOD_MATCH = YES;
				COPY_PHASE_STRIP = NO;
				DEBUG_INFORMATION_FORMAT = "dwarf-with-dsym";
				ENABLE_NS_ASSERTIONS = NO;
				ENABLE_STRICT_OBJC_MSGSEND = YES;
				GCC_C_LANGUAGE_STANDARD = gnu11;
				GCC_NO_COMMON_BLOCKS = YES;
				GCC_WARN_64_TO_32_BIT_CONVERSION = YES;
				GCC_WARN_ABOUT_RETURN_TYPE = YES_ERROR;
				GCC_WARN_UNDECLARED_SELECTOR = YES;
				GCC_WARN_UNINITIALIZED_AUTOS = YES_AGGRESSIVE;
				GCC_WARN_UNUSED_FUNCTION = YES;
				GCC_WARN_UNUSED_VARIABLE = YES;
				IPHONEOS_DEPLOYMENT_TARGET = 15.5;
				MTL_ENABLE_DEBUG_INFO = NO;
				MTL_FAST_MATH = YES;
				SDKROOT = iphoneos;
				SWIFT_COMPILATION_MODE = wholemodule;
				SWIFT_OPTIMIZATION_LEVEL = "-O";
				VALIDATE_PRODUCT = YES;
			};
			name = Release;
		};
		913AE75C28C75AD900A55FDC /* Debug */ = {
			isa = XCBuildConfiguration;
			buildSettings = {
				ASSETCATALOG_COMPILER_APPICON_NAME = AppIcon;
				ASSETCATALOG_COMPILER_GLOBAL_ACCENT_COLOR_NAME = AccentColor;
				CODE_SIGN_STYLE = Automatic;
				CURRENT_PROJECT_VERSION = 1;
				DEVELOPMENT_ASSET_PATHS = "\"flix/Preview Content\"";
				DEVELOPMENT_TEAM = JVR9H62YLZ;
				ENABLE_PREVIEWS = YES;
				GENERATE_INFOPLIST_FILE = YES;
				INFOPLIST_KEY_UIApplicationSceneManifest_Generation = YES;
				INFOPLIST_KEY_UIApplicationSupportsIndirectInputEvents = YES;
				INFOPLIST_KEY_UILaunchScreen_Generation = YES;
				INFOPLIST_KEY_UISupportedInterfaceOrientations_iPad = "UIInterfaceOrientationPortrait UIInterfaceOrientationPortraitUpsideDown UIInterfaceOrientationLandscapeLeft UIInterfaceOrientationLandscapeRight";
				INFOPLIST_KEY_UISupportedInterfaceOrientations_iPhone = "UIInterfaceOrientationPortrait UIInterfaceOrientationLandscapeLeft UIInterfaceOrientationLandscapeRight";
				LD_RUNPATH_SEARCH_PATHS = (
					"$(inherited)",
					"@executable_path/Frameworks",
				);
				MARKETING_VERSION = 1.0;
				PRODUCT_BUNDLE_IDENTIFIER = com.slybyron.flix;
				PRODUCT_NAME = "$(TARGET_NAME)";
				SWIFT_EMIT_LOC_STRINGS = YES;
				SWIFT_VERSION = 5.0;
				TARGETED_DEVICE_FAMILY = "1,2";
			};
			name = Debug;
		};
		913AE75D28C75AD900A55FDC /* Release */ = {
			isa = XCBuildConfiguration;
			buildSettings = {
				ASSETCATALOG_COMPILER_APPICON_NAME = AppIcon;
				ASSETCATALOG_COMPILER_GLOBAL_ACCENT_COLOR_NAME = AccentColor;
				CODE_SIGN_STYLE = Automatic;
				CURRENT_PROJECT_VERSION = 1;
				DEVELOPMENT_ASSET_PATHS = "\"flix/Preview Content\"";
				DEVELOPMENT_TEAM = JVR9H62YLZ;
				ENABLE_PREVIEWS = YES;
				GENERATE_INFOPLIST_FILE = YES;
				INFOPLIST_KEY_UIApplicationSceneManifest_Generation = YES;
				INFOPLIST_KEY_UIApplicationSupportsIndirectInputEvents = YES;
				INFOPLIST_KEY_UILaunchScreen_Generation = YES;
				INFOPLIST_KEY_UISupportedInterfaceOrientations_iPad = "UIInterfaceOrientationPortrait UIInterfaceOrientationPortraitUpsideDown UIInterfaceOrientationLandscapeLeft UIInterfaceOrientationLandscapeRight";
				INFOPLIST_KEY_UISupportedInterfaceOrientations_iPhone = "UIInterfaceOrientationPortrait UIInterfaceOrientationLandscapeLeft UIInterfaceOrientationLandscapeRight";
				LD_RUNPATH_SEARCH_PATHS = (
					"$(inherited)",
					"@executable_path/Frameworks",
				);
				MARKETING_VERSION = 1.0;
				PRODUCT_BUNDLE_IDENTIFIER = com.slybyron.flix;
				PRODUCT_NAME = "$(TARGET_NAME)";
				SWIFT_EMIT_LOC_STRINGS = YES;
				SWIFT_VERSION = 5.0;
				TARGETED_DEVICE_FAMILY = "1,2";
			};
			name = Release;
		};
		913AE75F28C75AD900A55FDC /* Debug */ = {
			isa = XCBuildConfiguration;
			buildSettings = {
				ALWAYS_EMBED_SWIFT_STANDARD_LIBRARIES = YES;
				BUNDLE_LOADER = "$(TEST_HOST)";
				CODE_SIGN_STYLE = Automatic;
				CURRENT_PROJECT_VERSION = 1;
				DEVELOPMENT_TEAM = JVR9H62YLZ;
				GENERATE_INFOPLIST_FILE = YES;
				IPHONEOS_DEPLOYMENT_TARGET = 15.5;
				MARKETING_VERSION = 1.0;
				PRODUCT_BUNDLE_IDENTIFIER = com.slybyron.flixTests;
				PRODUCT_NAME = "$(TARGET_NAME)";
				SWIFT_EMIT_LOC_STRINGS = NO;
				SWIFT_VERSION = 5.0;
				TARGETED_DEVICE_FAMILY = "1,2";
				TEST_HOST = "$(BUILT_PRODUCTS_DIR)/Flix.app/Flix";
			};
			name = Debug;
		};
		913AE76028C75AD900A55FDC /* Release */ = {
			isa = XCBuildConfiguration;
			buildSettings = {
				ALWAYS_EMBED_SWIFT_STANDARD_LIBRARIES = YES;
				BUNDLE_LOADER = "$(TEST_HOST)";
				CODE_SIGN_STYLE = Automatic;
				CURRENT_PROJECT_VERSION = 1;
				DEVELOPMENT_TEAM = JVR9H62YLZ;
				GENERATE_INFOPLIST_FILE = YES;
				IPHONEOS_DEPLOYMENT_TARGET = 15.5;
				MARKETING_VERSION = 1.0;
				PRODUCT_BUNDLE_IDENTIFIER = com.slybyron.flixTests;
				PRODUCT_NAME = "$(TARGET_NAME)";
				SWIFT_EMIT_LOC_STRINGS = NO;
				SWIFT_VERSION = 5.0;
				TARGETED_DEVICE_FAMILY = "1,2";
				TEST_HOST = "$(BUILT_PRODUCTS_DIR)/Flix.app/Flix";
			};
			name = Release;
		};
		913AE76228C75AD900A55FDC /* Debug */ = {
			isa = XCBuildConfiguration;
			buildSettings = {
				ALWAYS_EMBED_SWIFT_STANDARD_LIBRARIES = YES;
				CODE_SIGN_STYLE = Automatic;
				CURRENT_PROJECT_VERSION = 1;
				DEVELOPMENT_TEAM = JVR9H62YLZ;
				GENERATE_INFOPLIST_FILE = YES;
				MARKETING_VERSION = 1.0;
				PRODUCT_BUNDLE_IDENTIFIER = com.slybyron.flixUITests;
				PRODUCT_NAME = "$(TARGET_NAME)";
				SWIFT_EMIT_LOC_STRINGS = NO;
				SWIFT_VERSION = 5.0;
				TARGETED_DEVICE_FAMILY = "1,2";
				TEST_TARGET_NAME = flix;
			};
			name = Debug;
		};
		913AE76328C75AD900A55FDC /* Release */ = {
			isa = XCBuildConfiguration;
			buildSettings = {
				ALWAYS_EMBED_SWIFT_STANDARD_LIBRARIES = YES;
				CODE_SIGN_STYLE = Automatic;
				CURRENT_PROJECT_VERSION = 1;
				DEVELOPMENT_TEAM = JVR9H62YLZ;
				GENERATE_INFOPLIST_FILE = YES;
				MARKETING_VERSION = 1.0;
				PRODUCT_BUNDLE_IDENTIFIER = com.slybyron.flixUITests;
				PRODUCT_NAME = "$(TARGET_NAME)";
				SWIFT_EMIT_LOC_STRINGS = NO;
				SWIFT_VERSION = 5.0;
				TARGETED_DEVICE_FAMILY = "1,2";
				TEST_TARGET_NAME = flix;
			};
			name = Release;
		};
/* End XCBuildConfiguration section */

/* Begin XCConfigurationList section */
		913AE73228C75AD800A55FDC /* Build configuration list for PBXProject "Flix" */ = {
			isa = XCConfigurationList;
			buildConfigurations = (
				913AE75928C75AD900A55FDC /* Debug */,
				913AE75A28C75AD900A55FDC /* Release */,
			);
			defaultConfigurationIsVisible = 0;
			defaultConfigurationName = Release;
		};
		913AE75B28C75AD900A55FDC /* Build configuration list for PBXNativeTarget "Flix" */ = {
			isa = XCConfigurationList;
			buildConfigurations = (
				913AE75C28C75AD900A55FDC /* Debug */,
				913AE75D28C75AD900A55FDC /* Release */,
			);
			defaultConfigurationIsVisible = 0;
			defaultConfigurationName = Release;
		};
		913AE75E28C75AD900A55FDC /* Build configuration list for PBXNativeTarget "FlixTests" */ = {
			isa = XCConfigurationList;
			buildConfigurations = (
				913AE75F28C75AD900A55FDC /* Debug */,
				913AE76028C75AD900A55FDC /* Release */,
			);
			defaultConfigurationIsVisible = 0;
			defaultConfigurationName = Release;
		};
		913AE76128C75AD900A55FDC /* Build configuration list for PBXNativeTarget "FlixUITests" */ = {
			isa = XCConfigurationList;
			buildConfigurations = (
				913AE76228C75AD900A55FDC /* Debug */,
				913AE76328C75AD900A55FDC /* Release */,
			);
			defaultConfigurationIsVisible = 0;
			defaultConfigurationName = Release;
		};
/* End XCConfigurationList section */

/* Begin XCRemoteSwiftPackageReference section */
		913AE76528C7621200A55FDC /* XCRemoteSwiftPackageReference "SwiftyBeaver" */ = {
			isa = XCRemoteSwiftPackageReference;
			repositoryURL = "https://github.com/SwiftyBeaver/SwiftyBeaver.git";
			requirement = {
				kind = upToNextMajorVersion;
				minimumVersion = 1.0.0;
			};
		};
/* End XCRemoteSwiftPackageReference section */

/* Begin XCSwiftPackageProductDependency section */
		913AE76628C7621200A55FDC /* SwiftyBeaver */ = {
			isa = XCSwiftPackageProductDependency;
			package = 913AE76528C7621200A55FDC /* XCRemoteSwiftPackageReference "SwiftyBeaver" */;
			productName = SwiftyBeaver;
		};
/* End XCSwiftPackageProductDependency section */
	};
	rootObject = 913AE72F28C75AD800A55FDC /* Project object */;
}
